
Microsoft Visual Studio Solution File, Format Version 12.00
# Visual Studio 14
VisualStudioVersion = 14.0.25420.1
MinimumVisualStudioVersion = 10.0.40219.1
Project("{FAE04EC0-301F-11D3-BF4B-00C04F79EFBC}") = "VisaX", "VisaX\VisaX.csproj", "{A5F405CD-236E-4ED2-A6EA-71E77AA1BA38}"
EndProject
Project("{FAE04EC0-301F-11D3-BF4B-00C04F79EFBC}") = "VisaXCentral", "VisaXCentral\VisaXCentral.csproj", "{893C49A1-98D8-4999-B492-772414B4FF22}"
EndProject
Project("{54435603-DBB4-11D2-8724-00A0C9A8B90C}") = "VisaXSetup", "VisaXSetup\VisaXSetup.vdproj", "{D422AE3E-61F3-4815-9904-4B6B837410DD}"
EndProject
Global
	GlobalSection(SolutionConfigurationPlatforms) = preSolution
		Debug|Any CPU = Debug|Any CPU
		Release|Any CPU = Release|Any CPU
	EndGlobalSection
	GlobalSection(ProjectConfigurationPlatforms) = postSolution
		{A5F405CD-236E-4ED2-A6EA-71E77AA1BA38}.Debug|Any CPU.ActiveCfg = Debug|Any CPU
		{A5F405CD-236E-4ED2-A6EA-71E77AA1BA38}.Debug|Any CPU.Build.0 = Debug|Any CPU
		{A5F405CD-236E-4ED2-A6EA-71E77AA1BA38}.Release|Any CPU.ActiveCfg = Release|Any CPU
		{A5F405CD-236E-4ED2-A6EA-71E77AA1BA38}.Release|Any CPU.Build.0 = Release|Any CPU
		{893C49A1-98D8-4999-B492-772414B4FF22}.Debug|Any CPU.ActiveCfg = Debug|Any CPU
		{893C49A1-98D8-4999-B492-772414B4FF22}.Debug|Any CPU.Build.0 = Debug|Any CPU
		{893C49A1-98D8-4999-B492-772414B4FF22}.Release|Any CPU.ActiveCfg = Release|Any CPU
		{893C49A1-98D8-4999-B492-772414B4FF22}.Release|Any CPU.Build.0 = Release|Any CPU
		{D422AE3E-61F3-4815-9904-4B6B837410DD}.Debug|Any CPU.ActiveCfg = Debug
		{D422AE3E-61F3-4815-9904-4B6B837410DD}.Release|Any CPU.ActiveCfg = Release
	EndGlobalSection
	GlobalSection(SolutionProperties) = preSolution
		HideSolutionNode = FALSE
	EndGlobalSection
EndGlobal
